// !$*UTF8*$!
{
	archiveVersion = 1;
	classes = {
	};
	objectVersion = 77;
	objects = {

/* Begin PBXBuildFile section */
		A10000012F6B0001005688A8 /* MyWallpaperXWallpaperDaemon in CopyFiles */ = {isa = PBXBuildFile; fileRef = A10000112F6B0001005688A8 /* MyWallpaperXWallpaperDaemon */; settings = {ATTRIBUTES = (CodeSignOnCopy, ); }; };
		A10000022F6B0001005688A8 /* AppKit.framework in Frameworks */ = {isa = PBXBuildFile; fileRef = A10000122F6B0001005688A8 /* AppKit.framework */; };
		A10000032F6B0001005688A8 /* AVFoundation.framework in Frameworks */ = {isa = PBXBuildFile; fileRef = A10000132F6B0001005688A8 /* AVFoundation.framework */; };
		A10000042F6B0001005688A8 /* CoreGraphics.framework in Frameworks */ = {isa = PBXBuildFile; fileRef = A10000142F6B0001005688A8 /* CoreGraphics.framework */; };
		A10000052F6B0001005688A8 /* QuartzCore.framework in Frameworks */ = {isa = PBXBuildFile; fileRef = A10000152F6B0001005688A8 /* QuartzCore.framework */; };
		A10000062F6B0001005688A8 /* MyWallpaperXHelp in Resources */ = {isa = PBXBuildFile; fileRef = 98E9DA272F786FCC00C96FC7 /* MyWallpaperXHelp */; };
		A20000012F800001005688A8 /* Sparkle in Frameworks */ = {isa = PBXBuildFile; productRef = A20000112F800001005688A8 /* Sparkle */; };
		A20000022F800002005688A8 /* AppIntents.framework in Frameworks */ = {isa = PBXBuildFile; fileRef = A20000122F800002005688A8 /* AppIntents.framework */; };
/* End PBXBuildFile section */

/* Begin PBXCopyFilesBuildPhase section */
		A10000322F6B0001005688A8 /* CopyFiles */ = {
			isa = PBXCopyFilesBuildPhase;
			buildActionMask = 2147483647;
			dstPath = Contents/Helpers;
			dstSubfolderSpec = 1;
			files = (
				A10000012F6B0001005688A8 /* MyWallpaperXWallpaperDaemon in CopyFiles */,
			);
			runOnlyForDeploymentPostprocessing = 0;
		};
/* End PBXCopyFilesBuildPhase section */

/* Begin PBXFileReference section */
		98CED6392F6AF877005688A8 /* MyWallpaperX.app */ = {isa = PBXFileReference; explicitFileType = wrapper.application; includeInIndex = 0; path = MyWallpaperX.app; sourceTree = BUILT_PRODUCTS_DIR; };
		A10000112F6B0001005688A8 /* MyWallpaperXWallpaperDaemon */ = {isa = PBXFileReference; explicitFileType = "compiled.mach-o.executable"; includeInIndex = 0; path = MyWallpaperXWallpaperDaemon; sourceTree = BUILT_PRODUCTS_DIR; };
		A10000122F6B0001005688A8 /* AppKit.framework */ = {isa = PBXFileReference; lastKnownFileType = wrapper.framework; name = AppKit.framework; path = System/Library/Frameworks/AppKit.framework; sourceTree = SDKROOT; };
		A10000132F6B0001005688A8 /* AVFoundation.framework */ = {isa = PBXFileReference; lastKnownFileType = wrapper.framework; name = AVFoundation.framework; path = System/Library/Frameworks/AVFoundation.framework; sourceTree = SDKROOT; };
		A10000142F6B0001005688A8 /* CoreGraphics.framework */ = {isa = PBXFileReference; lastKnownFileType = wrapper.framework; name = CoreGraphics.framework; path = System/Library/Frameworks/CoreGraphics.framework; sourceTree = SDKROOT; };
		A10000152F6B0001005688A8 /* QuartzCore.framework */ = {isa = PBXFileReference; lastKnownFileType = wrapper.framework; name = QuartzCore.framework; path = System/Library/Frameworks/QuartzCore.framework; sourceTree = SDKROOT; };
		A20000122F800002005688A8 /* AppIntents.framework */ = {isa = PBXFileReference; lastKnownFileType = wrapper.framework; name = AppIntents.framework; path = System/Library/Frameworks/AppIntents.framework; sourceTree = SDKROOT; };
/* End PBXFileReference section */

/* Begin PBXFileSystemSynchronizedBuildFileExceptionSet section */
		98CED6592F6AF9E3005688A8 /* Exceptions for "MyWallpaperX" folder in "MyWallpaperX" target */ = {
			isa = PBXFileSystemSynchronizedBuildFileExceptionSet;
			membershipExceptions = (
				Info.plist,
				Modules/OnlineLibrary/AGENTS.md,
				Modules/StaticImageLibrary/AGENTS.md,
				Modules/SteamWorkshop/AGENTS.md,
				Modules/VideoLibrary/AGENTS.md,
			);
			target = 98CED6382F6AF877005688A8 /* MyWallpaperX */;
		};
		98E9D9972F77299E00C96FC7 /* Exceptions for "MyWallpaperX" folder in "MyWallpaperXWallpaperDaemon" target */ = {
			isa = PBXFileSystemSynchronizedBuildFileExceptionSet;
			membershipExceptions = (
				Core/Playback/DaemonProtocol.swift,
			);
			target = A10000412F6B0001005688A8 /* MyWallpaperXWallpaperDaemon */;
		};
/* End PBXFileSystemSynchronizedBuildFileExceptionSet section */

/* Begin PBXFileSystemSynchronizedRootGroup section */
		98CED63B2F6AF877005688A8 /* MyWallpaperX */ = {
			isa = PBXFileSystemSynchronizedRootGroup;
			exceptions = (
				98CED6592F6AF9E3005688A8 /* Exceptions for "MyWallpaperX" folder in "MyWallpaperX" target */,
				98E9D9972F77299E00C96FC7 /* Exceptions for "MyWallpaperX" folder in "MyWallpaperXWallpaperDaemon" target */,
			);
			path = MyWallpaperX;
			sourceTree = "<group>";
		};
		98E9DA272F786FCC00C96FC7 /* MyWallpaperXHelp */ = {
			isa = PBXFileSystemSynchronizedRootGroup;
			path = MyWallpaperXHelp;
			sourceTree = "<group>";
		};
		A10000212F6B0001005688A8 /* WallpaperDaemonSources */ = {
			isa = PBXFileSystemSynchronizedRootGroup;
			path = WallpaperDaemonSources;
			sourceTree = "<group>";
		};
/* End PBXFileSystemSynchronizedRootGroup section */

/* Begin PBXFrameworksBuildPhase section */
		98CED6362F6AF877005688A8 /* Frameworks */ = {
			isa = PBXFrameworksBuildPhase;
			buildActionMask = 2147483647;
			files = (
				A20000022F800002005688A8 /* AppIntents.framework in Frameworks */,
				A20000012F800001005688A8 /* Sparkle in Frameworks */,
			);
			runOnlyForDeploymentPostprocessing = 0;
		};
		A10000312F6B0001005688A8 /* Frameworks */ = {
			isa = PBXFrameworksBuildPhase;
			buildActionMask = 2147483647;
			files = (
				A10000022F6B0001005688A8 /* AppKit.framework in Frameworks */,
				A10000032F6B0001005688A8 /* AVFoundation.framework in Frameworks */,
				A10000042F6B0001005688A8 /* CoreGraphics.framework in Frameworks */,
				A10000052F6B0001005688A8 /* QuartzCore.framework in Frameworks */,
			);
			runOnlyForDeploymentPostprocessing = 0;
		};
/* End PBXFrameworksBuildPhase section */

/* Begin PBXGroup section */
		98CED6302F6AF877005688A8 = {
			isa = PBXGroup;
			children = (
				98E9DA272F786FCC00C96FC7 /* MyWallpaperXHelp */,
				98CED63B2F6AF877005688A8 /* MyWallpaperX */,
				A10000212F6B0001005688A8 /* WallpaperDaemonSources */,
				A10000342F6B0001005688A8 /* Frameworks */,
				98CED63A2F6AF877005688A8 /* Products */,
			);
			sourceTree = "<group>";
		};
		98CED63A2F6AF877005688A8 /* Products */ = {
			isa = PBXGroup;
			children = (
				98CED6392F6AF877005688A8 /* MyWallpaperX.app */,
				A10000112F6B0001005688A8 /* MyWallpaperXWallpaperDaemon */,
			);
			name = Products;
			sourceTree = "<group>";
		};
		A10000342F6B0001005688A8 /* Frameworks */ = {
			isa = PBXGroup;
			children = (
				A20000122F800002005688A8 /* AppIntents.framework */,
				A10000122F6B0001005688A8 /* AppKit.framework */,
				A10000132F6B0001005688A8 /* AVFoundation.framework */,
				A10000142F6B0001005688A8 /* CoreGraphics.framework */,
				A10000152F6B0001005688A8 /* QuartzCore.framework */,
			);
			name = Frameworks;
			sourceTree = "<group>";
		};
/* End PBXGroup section */

/* Begin PBXNativeTarget section */
		98CED6382F6AF877005688A8 /* MyWallpaperX */ = {
			isa = PBXNativeTarget;
			buildConfigurationList = 98CED6472F6AF879005688A8 /* Build configuration list for PBXNativeTarget "MyWallpaperX" */;
			buildPhases = (
				98CED6352F6AF877005688A8 /* Sources */,
				98CED6362F6AF877005688A8 /* Frameworks */,
				98CED6372F6AF877005688A8 /* Resources */,
				A10000322F6B0001005688A8 /* CopyFiles */,
			);
			buildRules = (
			);
			dependencies = (
			);
			fileSystemSynchronizedGroups = (
				98CED63B2F6AF877005688A8 /* MyWallpaperX */,
				98E9DA272F786FCC00C96FC7 /* MyWallpaperXHelp */,
			);
			name = MyWallpaperX;
			packageProductDependencies = (
				A20000112F800001005688A8 /* Sparkle */,
			);
			productName = MyWallpaperX;
			productReference = 98CED6392F6AF877005688A8 /* MyWallpaperX.app */;
			productType = "com.apple.product-type.application";
		};
		A10000412F6B0001005688A8 /* MyWallpaperXWallpaperDaemon */ = {
			isa = PBXNativeTarget;
			buildConfigurationList = A10000612F6B0001005688A8 /* Build configuration list for PBXNativeTarget "MyWallpaperXWallpaperDaemon" */;
			buildPhases = (
				A10000332F6B0001005688A8 /* Sources */,
				A10000312F6B0001005688A8 /* Frameworks */,
			);
			buildRules = (
			);
			dependencies = (
			);
			fileSystemSynchronizedGroups = (
				A10000212F6B0001005688A8 /* WallpaperDaemonSources */,
			);
			name = MyWallpaperXWallpaperDaemon;
			packageProductDependencies = (
			);
			productName = MyWallpaperXWallpaperDaemon;
			productReference = A10000112F6B0001005688A8 /* MyWallpaperXWallpaperDaemon */;
			productType = "com.apple.product-type.tool";
		};
/* End PBXNativeTarget section */

/* Begin PBXProject section */
		98CED6312F6AF877005688A8 /* Project object */ = {
			isa = PBXProject;
			attributes = {
				BuildIndependentTargetsInParallel = 1;
				LastSwiftUpdateCheck = 2630;
				LastUpgradeCheck = 2650;
				TargetAttributes = {
					98CED6382F6AF877005688A8 = {
						CreatedOnToolsVersion = 26.3;
					};
					A10000412F6B0001005688A8 = {
						CreatedOnToolsVersion = 26.3;
					};
				};
			};
			buildConfigurationList = 98CED6342F6AF877005688A8 /* Build configuration list for PBXProject "MyWallpaperX" */;
			developmentRegion = en;
			hasScannedForEncodings = 0;
			knownRegions = (
				en,
				Base,
				"zh-Hans",
			);
			mainGroup = 98CED6302F6AF877005688A8;
			minimizedProjectReferenceProxies = 1;
			packageReferences = (
				A20000212F800001005688A8 /* XCRemoteSwiftPackageReference "Sparkle" */,
			);
			preferredProjectObjectVersion = 77;
			productRefGroup = 98CED63A2F6AF877005688A8 /* Products */;
			projectDirPath = "";
			projectRoot = "";
			targets = (
				98CED6382F6AF877005688A8 /* MyWallpaperX */,
				A10000412F6B0001005688A8 /* MyWallpaperXWallpaperDaemon */,
			);
		};
/* End PBXProject section */

/* Begin PBXResourcesBuildPhase section */
		98CED6372F6AF877005688A8 /* Resources */ = {
			isa = PBXResourcesBuildPhase;
			buildActionMask = 2147483647;
			files = (
				A10000062F6B0001005688A8 /* MyWallpaperXHelp in Resources */,
			);
			runOnlyForDeploymentPostprocessing = 0;
		};
/* End PBXResourcesBuildPhase section */

/* Begin PBXSourcesBuildPhase section */
		98CED6352F6AF877005688A8 /* Sources */ = {
			isa = PBXSourcesBuildPhase;
			buildActionMask = 2147483647;
			files = (
			);
			runOnlyForDeploymentPostprocessing = 0;
		};
		A10000332F6B0001005688A8 /* Sources */ = {
			isa = PBXSourcesBuildPhase;
			buildActionMask = 2147483647;
			files = (
			);
			runOnlyForDeploymentPostprocessing = 0;
		};
/* End PBXSourcesBuildPhase section */

/* Begin XCBuildConfiguration section */
		98CED6452F6AF879005688A8 /* Debug */ = {
			isa = XCBuildConfiguration;
			buildSettings = {
				ALWAYS_SEARCH_USER_PATHS = NO;
				ASSETCATALOG_COMPILER_GENERATE_SWIFT_ASSET_SYMBOL_EXTENSIONS = YES;
				CLANG_ANALYZER_LOCALIZABILITY_NONLOCALIZED = YES;
				CLANG_ANALYZER_NONNULL = YES;
				CLANG_ANALYZER_NUMBER_OBJECT_CONVERSION = YES_AGGRESSIVE;
				CLANG_CXX_LANGUAGE_STANDARD = "gnu++20";
				CLANG_ENABLE_MODULES = YES;
				CLANG_ENABLE_OBJC_ARC = YES;
				CLANG_ENABLE_OBJC_WEAK = YES;
				CLANG_WARN_BLOCK_CAPTURE_AUTORELEASING = YES;
				CLANG_WARN_BOOL_CONVERSION = YES;
				CLANG_WARN_COMMA = YES;
				CLANG_WARN_CONSTANT_CONVERSION = YES;
				CLANG_WARN_DEPRECATED_OBJC_IMPLEMENTATIONS = YES;
				CLANG_WARN_DIRECT_OBJC_ISA_USAGE = YES_ERROR;
				CLANG_WARN_DOCUMENTATION_COMMENTS = YES;
				CLANG_WARN_EMPTY_BODY = YES;
				CLANG_WARN_ENUM_CONVERSION = YES;
				CLANG_WARN_INFINITE_RECURSION = YES;
				CLANG_WARN_INT_CONVERSION = YES;
				CLANG_WARN_NON_LITERAL_NULL_CONVERSION = YES;
				CLANG_WARN_OBJC_IMPLICIT_RETAIN_SELF = YES;
				CLANG_WARN_OBJC_LITERAL_CONVERSION = YES;
				CLANG_WARN_OBJC_ROOT_CLASS = YES_ERROR;
				CLANG_WARN_QUOTED_INCLUDE_IN_FRAMEWORK_HEADER = YES;
				CLANG_WARN_RANGE_LOOP_ANALYSIS = YES;
				CLANG_WARN_STRICT_PROTOTYPES = YES;
				CLANG_WARN_SUSPICIOUS_MOVE = YES;
				CLANG_WARN_UNGUARDED_AVAILABILITY = YES_AGGRESSIVE;
				CLANG_WARN_UNREACHABLE_CODE = YES;
				CLANG_WARN__DUPLICATE_METHOD_MATCH = YES;
				COPY_PHASE_STRIP = NO;
				DEAD_CODE_STRIPPING = YES;
				DEBUG_INFORMATION_FORMAT = dwarf;
				DEVELOPMENT_TEAM = H9QWU9XN8R;
				ENABLE_STRICT_OBJC_MSGSEND = YES;
				ENABLE_TESTABILITY = YES;
				ENABLE_USER_SCRIPT_SANDBOXING = YES;
				GCC_C_LANGUAGE_STANDARD = gnu17;
				GCC_DYNAMIC_NO_PIC = NO;
				GCC_NO_COMMON_BLOCKS = YES;
				GCC_OPTIMIZATION_LEVEL = 0;
				GCC_PREPROCESSOR_DEFINITIONS = (
					"DEBUG=1",
					"$(inherited)",
				);
				GCC_WARN_64_TO_32_BIT_CONVERSION = YES;
				GCC_WARN_ABOUT_RETURN_TYPE = YES_ERROR;
				GCC_WARN_UNDECLARED_SELECTOR = YES;
				GCC_WARN_UNINITIALIZED_AUTOS = YES_AGGRESSIVE;
				GCC_WARN_UNUSED_FUNCTION = YES;
				GCC_WARN_UNUSED_VARIABLE = YES;
				LOCALIZATION_PREFERS_STRING_CATALOGS = YES;
				MACOSX_DEPLOYMENT_TARGET = 26.2;
				MTL_ENABLE_DEBUG_INFO = INCLUDE_SOURCE;
				MTL_FAST_MATH = YES;
				ONLY_ACTIVE_ARCH = YES;
				SDKROOT = macosx;
				STRING_CATALOG_GENERATE_SYMBOLS = YES;
				SWIFT_ACTIVE_COMPILATION_CONDITIONS = "DEBUG $(inherited)";
				SWIFT_OPTIMIZATION_LEVEL = "-Onone";
			};
			name = Debug;
		};
		98CED6462F6AF879005688A8 /* Release */ = {
			isa = XCBuildConfiguration;
			buildSettings = {
				ALWAYS_SEARCH_USER_PATHS = NO;
				ASSETCATALOG_COMPILER_GENERATE_SWIFT_ASSET_SYMBOL_EXTENSIONS = YES;
				CLANG_ANALYZER_LOCALIZABILITY_NONLOCALIZED = YES;
				CLANG_ANALYZER_NONNULL = YES;
				CLANG_ANALYZER_NUMBER_OBJECT_CONVERSION = YES_AGGRESSIVE;
				CLANG_CXX_LANGUAGE_STANDARD = "gnu++20";
				CLANG_ENABLE_MODULES = YES;
				CLANG_ENABLE_OBJC_ARC = YES;
				CLANG_ENABLE_OBJC_WEAK = YES;
				CLANG_WARN_BLOCK_CAPTURE_AUTORELEASING = YES;
				CLANG_WARN_BOOL_CONVERSION = YES;
				CLANG_WARN_COMMA = YES;
				CLANG_WARN_CONSTANT_CONVERSION = YES;
				CLANG_WARN_DEPRECATED_OBJC_IMPLEMENTATIONS = YES;
				CLANG_WARN_DIRECT_OBJC_ISA_USAGE = YES_ERROR;
				CLANG_WARN_DOCUMENTATION_COMMENTS = YES;
				CLANG_WARN_EMPTY_BODY = YES;
				CLANG_WARN_ENUM_CONVERSION = YES;
				CLANG_WARN_INFINITE_RECURSION = YES;
				CLANG_WARN_INT_CONVERSION = YES;
				CLANG_WARN_NON_LITERAL_NULL_CONVERSION = YES;
				CLANG_WARN_OBJC_IMPLICIT_RETAIN_SELF = YES;
				CLANG_WARN_OBJC_LITERAL_CONVERSION = YES;
				CLANG_WARN_OBJC_ROOT_CLASS = YES_ERROR;
				CLANG_WARN_QUOTED_INCLUDE_IN_FRAMEWORK_HEADER = YES;
				CLANG_WARN_RANGE_LOOP_ANALYSIS = YES;
				CLANG_WARN_STRICT_PROTOTYPES = YES;
				CLANG_WARN_SUSPICIOUS_MOVE = YES;
				CLANG_WARN_UNGUARDED_AVAILABILITY = YES_AGGRESSIVE;
				CLANG_WARN_UNREACHABLE_CODE = YES;
				CLANG_WARN__DUPLICATE_METHOD_MATCH = YES;
				COPY_PHASE_STRIP = NO;
				DEAD_CODE_STRIPPING = YES;
				DEBUG_INFORMATION_FORMAT = "dwarf-with-dsym";
				DEVELOPMENT_TEAM = H9QWU9XN8R;
				ENABLE_NS_ASSERTIONS = NO;
				ENABLE_STRICT_OBJC_MSGSEND = YES;
				ENABLE_USER_SCRIPT_SANDBOXING = YES;
				GCC_C_LANGUAGE_STANDARD = gnu17;
				GCC_NO_COMMON_BLOCKS = YES;
				GCC_WARN_64_TO_32_BIT_CONVERSION = YES;
				GCC_WARN_ABOUT_RETURN_TYPE = YES_ERROR;
				GCC_WARN_UNDECLARED_SELECTOR = YES;
				GCC_WARN_UNINITIALIZED_AUTOS = YES_AGGRESSIVE;
				GCC_WARN_UNUSED_FUNCTION = YES;
				GCC_WARN_UNUSED_VARIABLE = YES;
				LOCALIZATION_PREFERS_STRING_CATALOGS = YES;
				MACOSX_DEPLOYMENT_TARGET = 26.2;
				MTL_ENABLE_DEBUG_INFO = NO;
				MTL_FAST_MATH = YES;
				SDKROOT = macosx;
				STRING_CATALOG_GENERATE_SYMBOLS = YES;
				SWIFT_COMPILATION_MODE = wholemodule;
			};
			name = Release;
		};
		98CED6482F6AF879005688A8 /* Debug */ = {
			isa = XCBuildConfiguration;
			buildSettings = {
				ASSETCATALOG_COMPILER_APPICON_NAME = AppIcon;
				ASSETCATALOG_COMPILER_GLOBAL_ACCENT_COLOR_NAME = AccentColor;
				CODE_SIGN_IDENTITY = "Apple Development";
				"CODE_SIGN_IDENTITY[sdk=macosx*]" = "Developer ID Application";
				CODE_SIGN_STYLE = Manual;
				COMBINE_HIDPI_IMAGES = YES;
				CURRENT_PROJECT_VERSION = 277;
				DEAD_CODE_STRIPPING = YES;
				DEVELOPMENT_TEAM = "";
				"DEVELOPMENT_TEAM[sdk=macosx*]" = H9QWU9XN8R;
				ENABLE_APP_SANDBOX = NO;
				ENABLE_HARDENED_RUNTIME = YES;
				GENERATE_INFOPLIST_FILE = YES;
				INFOPLIST_FILE = MyWallpaperX/Info.plist;
				INFOPLIST_KEY_LSApplicationCategoryType = "public.app-category.utilities";
				INFOPLIST_KEY_LSUIElement = NO;
				INFOPLIST_KEY_NSAppleEventsUsageDescription = "需要控制桌面窗口层级";
				INFOPLIST_KEY_NSDesktopFolderUsageDescription = "需要访问桌面以设置动态壁纸";
				INFOPLIST_KEY_NSDocumentsFolderUsageDescription = "需要访问文档以保存动态壁纸";
				INFOPLIST_KEY_NSHumanReadableCopyright = "";
				INFOPLIST_KEY_NSPrincipalClass = NSApplication;
				LD_RUNPATH_SEARCH_PATHS = (
					"$(inherited)",
					"@executable_path/../Frameworks",
				);
				MACOSX_DEPLOYMENT_TARGET = 26.0;
				MARKETING_VERSION = 2.0.9;
				PRODUCT_BUNDLE_IDENTIFIER = com.songziqiang.MyWallpaperX;
				PRODUCT_NAME = "$(TARGET_NAME)";
				PROVISIONING_PROFILE_SPECIFIER = "";
				"PROVISIONING_PROFILE_SPECIFIER[sdk=macosx*]" = "";
				REGISTER_APP_GROUPS = YES;
				STRING_CATALOG_GENERATE_SYMBOLS = YES;
				SWIFT_APPROACHABLE_CONCURRENCY = YES;
				SWIFT_DEFAULT_ACTOR_ISOLATION = MainActor;
				SWIFT_EMIT_LOC_STRINGS = YES;
				SWIFT_UPCOMING_FEATURE_MEMBER_IMPORT_VISIBILITY = YES;
				SWIFT_VERSION = 5.0;
			};
			name = Debug;
		};
		98CED6492F6AF879005688A8 /* Release */ = {
			isa = XCBuildConfiguration;
			buildSettings = {
				ASSETCATALOG_COMPILER_APPICON_NAME = AppIcon;
				ASSETCATALOG_COMPILER_GLOBAL_ACCENT_COLOR_NAME = AccentColor;
				CODE_SIGN_IDENTITY = "Apple Development";
				"CODE_SIGN_IDENTITY[sdk=macosx*]" = "Developer ID Application";
				CODE_SIGN_STYLE = Manual;
				COMBINE_HIDPI_IMAGES = YES;
				CURRENT_PROJECT_VERSION = 277;
				DEAD_CODE_STRIPPING = YES;
				DEVELOPMENT_TEAM = "";
				"DEVELOPMENT_TEAM[sdk=macosx*]" = H9QWU9XN8R;
				ENABLE_APP_SANDBOX = NO;
				ENABLE_HARDENED_RUNTIME = YES;
				GENERATE_INFOPLIST_FILE = YES;
				INFOPLIST_FILE = MyWallpaperX/Info.plist;
				INFOPLIST_KEY_LSApplicationCategoryType = "public.app-category.utilities";
				INFOPLIST_KEY_LSUIElement = NO;
				INFOPLIST_KEY_NSAppleEventsUsageDescription = "需要控制桌面窗口层级";
				INFOPLIST_KEY_NSDesktopFolderUsageDescription = "需要访问桌面以设置动态壁纸";
				INFOPLIST_KEY_NSDocumentsFolderUsageDescription = "需要访问文档以保存动态壁纸";
				INFOPLIST_KEY_NSHumanReadableCopyright = "";
				INFOPLIST_KEY_NSPrincipalClass = NSApplication;
				LD_RUNPATH_SEARCH_PATHS = (
					"$(inherited)",
					"@executable_path/../Frameworks",
				);
				MACOSX_DEPLOYMENT_TARGET = 26.0;
				MARKETING_VERSION = 2.0.9;
				PRODUCT_BUNDLE_IDENTIFIER = com.songziqiang.MyWallpaperX;
				PRODUCT_NAME = "$(TARGET_NAME)";
				PROVISIONING_PROFILE_SPECIFIER = "";
				"PROVISIONING_PROFILE_SPECIFIER[sdk=macosx*]" = "";
				REGISTER_APP_GROUPS = YES;
				STRING_CATALOG_GENERATE_SYMBOLS = YES;
				SWIFT_APPROACHABLE_CONCURRENCY = YES;
				SWIFT_DEFAULT_ACTOR_ISOLATION = MainActor;
				SWIFT_EMIT_LOC_STRINGS = YES;
				SWIFT_UPCOMING_FEATURE_MEMBER_IMPORT_VISIBILITY = YES;
				SWIFT_VERSION = 5.0;
			};
			name = Release;
		};
		A10000512F6B0001005688A8 /* Debug */ = {
			isa = XCBuildConfiguration;
			buildSettings = {
				CODE_SIGN_STYLE = Automatic;
				DEAD_CODE_STRIPPING = YES;
				DEVELOPMENT_TEAM = H9QWU9XN8R;
				GENERATE_INFOPLIST_FILE = YES;
				MACOSX_DEPLOYMENT_TARGET = 26.0;
				PRODUCT_NAME = "$(TARGET_NAME)";
				SDKROOT = macosx;
				SKIP_INSTALL = YES;
				SWIFT_EMIT_LOC_STRINGS = NO;
				SWIFT_VERSION = 5.0;
			};
			name = Debug;
		};
		A10000522F6B0001005688A8 /* Release */ = {
			isa = XCBuildConfiguration;
			buildSettings = {
				CODE_SIGN_STYLE = Automatic;
				DEAD_CODE_STRIPPING = YES;
				DEVELOPMENT_TEAM = H9QWU9XN8R;
				GENERATE_INFOPLIST_FILE = YES;
				MACOSX_DEPLOYMENT_TARGET = 26.0;
				PRODUCT_NAME = "$(TARGET_NAME)";
				SDKROOT = macosx;
				SKIP_INSTALL = YES;
				SWIFT_EMIT_LOC_STRINGS = NO;
				SWIFT_VERSION = 5.0;
			};
			name = Release;
		};
/* End XCBuildConfiguration section */

/* Begin XCConfigurationList section */
		98CED6342F6AF877005688A8 /* Build configuration list for PBXProject "MyWallpaperX" */ = {
			isa = XCConfigurationList;
			buildConfigurations = (
				98CED6452F6AF879005688A8 /* Debug */,
				98CED6462F6AF879005688A8 /* Release */,
			);
			defaultConfigurationIsVisible = 0;
			defaultConfigurationName = Release;
		};
		98CED6472F6AF879005688A8 /* Build configuration list for PBXNativeTarget "MyWallpaperX" */ = {
			isa = XCConfigurationList;
			buildConfigurations = (
				98CED6482F6AF879005688A8 /* Debug */,
				98CED6492F6AF879005688A8 /* Release */,
			);
			defaultConfigurationIsVisible = 0;
			defaultConfigurationName = Release;
		};
		A10000612F6B0001005688A8 /* Build configuration list for PBXNativeTarget "MyWallpaperXWallpaperDaemon" */ = {
			isa = XCConfigurationList;
			buildConfigurations = (
				A10000512F6B0001005688A8 /* Debug */,
				A10000522F6B0001005688A8 /* Release */,
			);
			defaultConfigurationIsVisible = 0;
			defaultConfigurationName = Release;
		};
/* End XCConfigurationList section */

/* Begin XCRemoteSwiftPackageReference section */
		A20000212F800001005688A8 /* XCRemoteSwiftPackageReference "Sparkle" */ = {
			isa = XCRemoteSwiftPackageReference;
			repositoryURL = "https://github.com/sparkle-project/Sparkle";
			requirement = {
				kind = upToNextMajorVersion;
				minimumVersion = 2.9.2;
			};
		};
/* End XCRemoteSwiftPackageReference section */

/* Begin XCSwiftPackageProductDependency section */
		A20000112F800001005688A8 /* Sparkle */ = {
			isa = XCSwiftPackageProductDependency;
			package = A20000212F800001005688A8 /* XCRemoteSwiftPackageReference "Sparkle" */;
			productName = Sparkle;
		};
/* End XCSwiftPackageProductDependency section */
	};
	rootObject = 98CED6312F6AF877005688A8 /* Project object */;
}
